// !$*UTF8*$!
{
	archiveVersion = 1;
	classes = {
	};
	objectVersion = 50;
	objects = {

/* Begin PBXBuildFile section */
		77E228AC5DBA8E33BF5EBAD0 /* Pods_BookShelf.framework in Frameworks */ = {isa = PBXBuildFile; fileRef = 6FBAA82DCB2C67D414846ACD /* Pods_BookShelf.framework */; };
		7BB0BFA421ADDECB00787427 /* AppDelegate.swift in Sources */ = {isa = PBXBuildFile; fileRef = 7BB0BFA321ADDECB00787427 /* AppDelegate.swift */; };
		7BB0BFAB21ADDECC00787427 /* Assets.xcassets in Resources */ = {isa = PBXBuildFile; fileRef = 7BB0BFAA21ADDECC00787427 /* Assets.xcassets */; };
		7BB0BFAE21ADDECC00787427 /* LaunchScreen.storyboard in Resources */ = {isa = PBXBuildFile; fileRef = 7BB0BFAC21ADDECC00787427 /* LaunchScreen.storyboard */; };

		DD29C71721B03F2900D34D6D /* recipescreen.storyboard in Resources */ = {isa = PBXBuildFile; fileRef = DD29C71621B03F2900D34D6D /* recipescreen.storyboard */; };
		DD29C71921B0417C00D34D6D /* GoogleService-Info.plist in Resources */ = {isa = PBXBuildFile; fileRef = DD29C71821B0417C00D34D6D /* GoogleService-Info.plist */; };

		7BB0BFB821ADE10F00787427 /* Login.storyboard in Resources */ = {isa = PBXBuildFile; fileRef = 7BB0BFB721ADE10F00787427 /* Login.storyboard */; };
		7BB0BFBA21ADE13900787427 /* LoginViewController.swift in Sources */ = {isa = PBXBuildFile; fileRef = 7BB0BFB921ADE13900787427 /* LoginViewController.swift */; };
		7BB0BFBC21ADE14800787427 /* RegisterViewController.swift in Sources */ = {isa = PBXBuildFile; fileRef = 7BB0BFBB21ADE14800787427 /* RegisterViewController.swift */; };
		7BB0BFBE21AEDFAF00787427 /* GoogleService-Info.plist in Resources */ = {isa = PBXBuildFile; fileRef = 7BB0BFBD21AEDFAE00787427 /* GoogleService-Info.plist */; };
		B749A97021AEF8CD0043FF3C /* RecipeCreationViewController.swift in Sources */ = {isa = PBXBuildFile; fileRef = B749A96F21AEF8CD0043FF3C /* RecipeCreationViewController.swift */; };
		B749A97321AF18010043FF3C /* homePage.storyboard in Resources */ = {isa = PBXBuildFile; fileRef = B749A97221AF18010043FF3C /* homePage.storyboard */; };
		B749A97521AF1E370043FF3C /* profilePage.storyboard in Resources */ = {isa = PBXBuildFile; fileRef = B749A97421AF1E370043FF3C /* profilePage.storyboard */; };
		B779FC8121B5A93A00A6F3AF /* addBook.storyboard in Resources */ = {isa = PBXBuildFile; fileRef = B779FC8021B5A93A00A6F3AF /* addBook.storyboard */; };
		B780FF2E21B17F1200FD2194 /* searchPage.storyboard in Resources */ = {isa = PBXBuildFile; fileRef = B780FF2D21B17F1200FD2194 /* searchPage.storyboard */; };
		B780FF3221B1817200FD2194 /* GoogleService-Info.plist in Resources */ = {isa = PBXBuildFile; fileRef = B780FF3121B1817200FD2194 /* GoogleService-Info.plist */; };
		B780FF3421B1872600FD2194 /* seachOnProfilePage.storyboard in Resources */ = {isa = PBXBuildFile; fileRef = B780FF3321B1872600FD2194 /* seachOnProfilePage.storyboard */; };
		B780FF3621B18AE800FD2194 /* yourProfile.storyboard in Resources */ = {isa = PBXBuildFile; fileRef = B780FF3521B18AE800FD2194 /* yourProfile.storyboard */; };
		B780FF3821B198EC00FD2194 /* editProfile.storyboard in Resources */ = {isa = PBXBuildFile; fileRef = B780FF3721B198EC00FD2194 /* editProfile.storyboard */; };
		B780FF3A21B1B98F00FD2194 /* clickedFromHomeOptionsPage.storyboard in Resources */ = {isa = PBXBuildFile; fileRef = B780FF3921B1B98F00FD2194 /* clickedFromHomeOptionsPage.storyboard */; };
		B780FF3C21B1BDA300FD2194 /* clickedOnOptionPage.storyboard in Resources */ = {isa = PBXBuildFile; fileRef = B780FF3B21B1BDA300FD2194 /* clickedOnOptionPage.storyboard */; };
		B7CB572921B0481200039BFC /* viewBook.storyboard in Resources */ = {isa = PBXBuildFile; fileRef = B7CB572821B0481200039BFC /* viewBook.storyboard */; };

/* End PBXBuildFile section */

/* Begin PBXFileReference section */
		6C14CB88A659E05D4799682E /* Pods-BookShelf.release.xcconfig */ = {isa = PBXFileReference; includeInIndex = 1; lastKnownFileType = text.xcconfig; name = "Pods-BookShelf.release.xcconfig"; path = "Pods/Target Support Files/Pods-BookShelf/Pods-BookShelf.release.xcconfig"; sourceTree = "<group>"; };
		6FBAA82DCB2C67D414846ACD /* Pods_BookShelf.framework */ = {isa = PBXFileReference; explicitFileType = wrapper.framework; includeInIndex = 0; path = Pods_BookShelf.framework; sourceTree = BUILT_PRODUCTS_DIR; };
		7BB0BFA021ADDECB00787427 /* BookShelf.app */ = {isa = PBXFileReference; explicitFileType = wrapper.application; includeInIndex = 0; path = BookShelf.app; sourceTree = BUILT_PRODUCTS_DIR; };
		7BB0BFA321ADDECB00787427 /* AppDelegate.swift */ = {isa = PBXFileReference; lastKnownFileType = sourcecode.swift; path = AppDelegate.swift; sourceTree = "<group>"; };
		7BB0BFAA21ADDECC00787427 /* Assets.xcassets */ = {isa = PBXFileReference; lastKnownFileType = folder.assetcatalog; path = Assets.xcassets; sourceTree = "<group>"; };
		7BB0BFAD21ADDECC00787427 /* Base */ = {isa = PBXFileReference; lastKnownFileType = file.storyboard; name = Base; path = Base.lproj/LaunchScreen.storyboard; sourceTree = "<group>"; };
		7BB0BFAF21ADDECC00787427 /* Info.plist */ = {isa = PBXFileReference; lastKnownFileType = text.plist.xml; path = Info.plist; sourceTree = "<group>"; };

		DD29C71621B03F2900D34D6D /* recipescreen.storyboard */ = {isa = PBXFileReference; lastKnownFileType = file.storyboard; path = recipescreen.storyboard; sourceTree = "<group>"; };
		DD29C71821B0417C00D34D6D /* GoogleService-Info.plist */ = {isa = PBXFileReference; fileEncoding = 4; lastKnownFileType = text.plist.xml; path = "GoogleService-Info.plist"; sourceTree = "<group>"; };

		7BB0BFB721ADE10F00787427 /* Login.storyboard */ = {isa = PBXFileReference; lastKnownFileType = file.storyboard; path = Login.storyboard; sourceTree = "<group>"; };
		7BB0BFB921ADE13900787427 /* LoginViewController.swift */ = {isa = PBXFileReference; lastKnownFileType = sourcecode.swift; path = LoginViewController.swift; sourceTree = "<group>"; };
		7BB0BFBB21ADE14800787427 /* RegisterViewController.swift */ = {isa = PBXFileReference; lastKnownFileType = sourcecode.swift; path = RegisterViewController.swift; sourceTree = "<group>"; };
		7BB0BFBD21AEDFAE00787427 /* GoogleService-Info.plist */ = {isa = PBXFileReference; fileEncoding = 4; lastKnownFileType = text.plist.xml; path = "GoogleService-Info.plist"; sourceTree = "<group>"; };
		B749A96F21AEF8CD0043FF3C /* RecipeCreationViewController.swift */ = {isa = PBXFileReference; lastKnownFileType = sourcecode.swift; path = RecipeCreationViewController.swift; sourceTree = "<group>"; };
		B749A97221AF18010043FF3C /* homePage.storyboard */ = {isa = PBXFileReference; lastKnownFileType = file.storyboard; path = homePage.storyboard; sourceTree = "<group>"; };
		B749A97421AF1E370043FF3C /* profilePage.storyboard */ = {isa = PBXFileReference; lastKnownFileType = file.storyboard; path = profilePage.storyboard; sourceTree = "<group>"; };
		B779FC8021B5A93A00A6F3AF /* addBook.storyboard */ = {isa = PBXFileReference; lastKnownFileType = file.storyboard; path = addBook.storyboard; sourceTree = "<group>"; };
		B780FF2D21B17F1200FD2194 /* searchPage.storyboard */ = {isa = PBXFileReference; lastKnownFileType = file.storyboard; path = searchPage.storyboard; sourceTree = "<group>"; };
		B780FF3121B1817200FD2194 /* GoogleService-Info.plist */ = {isa = PBXFileReference; fileEncoding = 4; lastKnownFileType = text.plist.xml; path = "GoogleService-Info.plist"; sourceTree = "<group>"; };
		B780FF3321B1872600FD2194 /* seachOnProfilePage.storyboard */ = {isa = PBXFileReference; lastKnownFileType = file.storyboard; path = seachOnProfilePage.storyboard; sourceTree = "<group>"; };
		B780FF3521B18AE800FD2194 /* yourProfile.storyboard */ = {isa = PBXFileReference; lastKnownFileType = file.storyboard; path = yourProfile.storyboard; sourceTree = "<group>"; };
		B780FF3721B198EC00FD2194 /* editProfile.storyboard */ = {isa = PBXFileReference; lastKnownFileType = file.storyboard; path = editProfile.storyboard; sourceTree = "<group>"; };
		B780FF3921B1B98F00FD2194 /* clickedFromHomeOptionsPage.storyboard */ = {isa = PBXFileReference; lastKnownFileType = file.storyboard; path = clickedFromHomeOptionsPage.storyboard; sourceTree = "<group>"; };
		B780FF3B21B1BDA300FD2194 /* clickedOnOptionPage.storyboard */ = {isa = PBXFileReference; lastKnownFileType = file.storyboard; path = clickedOnOptionPage.storyboard; sourceTree = "<group>"; };
		B7CB572821B0481200039BFC /* viewBook.storyboard */ = {isa = PBXFileReference; lastKnownFileType = file.storyboard; path = viewBook.storyboard; sourceTree = "<group>"; };

		EDE55B6C1B18E957EEF2F945 /* Pods-BookShelf.debug.xcconfig */ = {isa = PBXFileReference; includeInIndex = 1; lastKnownFileType = text.xcconfig; name = "Pods-BookShelf.debug.xcconfig"; path = "Pods/Target Support Files/Pods-BookShelf/Pods-BookShelf.debug.xcconfig"; sourceTree = "<group>"; };
/* End PBXFileReference section */

/* Begin PBXFrameworksBuildPhase section */
		7BB0BF9D21ADDECB00787427 /* Frameworks */ = {
			isa = PBXFrameworksBuildPhase;
			buildActionMask = 2147483647;
			files = (
				77E228AC5DBA8E33BF5EBAD0 /* Pods_BookShelf.framework in Frameworks */,
			);
			runOnlyForDeploymentPostprocessing = 0;
		};
/* End PBXFrameworksBuildPhase section */

/* Begin PBXGroup section */
		7BB0BF9721ADDECB00787427 = {
			isa = PBXGroup;
			children = (
				7BB0BFA221ADDECB00787427 /* BookShelf */,
				7BB0BFA121ADDECB00787427 /* Products */,
				8FB867B6183F0DD1854F82AB /* Pods */,
				E70C1DE5940D48EF15D1B7C3 /* Frameworks */,
			);
			sourceTree = "<group>";
		};
		7BB0BFA121ADDECB00787427 /* Products */ = {
			isa = PBXGroup;
			children = (
				7BB0BFA021ADDECB00787427 /* BookShelf.app */,
			);
			name = Products;
			sourceTree = "<group>";
		};
		7BB0BFA221ADDECB00787427 /* BookShelf */ = {
			isa = PBXGroup;
			children = (
				7BB0BFA321ADDECB00787427 /* AppDelegate.swift */,
				7BB0BFAA21ADDECC00787427 /* Assets.xcassets */,
				B749A97121AF17890043FF3C /* Storyboards */,
				B749A96E21AEF8590043FF3C /* ViewControllers */,
				B780FF3121B1817200FD2194 /* GoogleService-Info.plist */,
				7BB0BFB721ADE10F00787427 /* Login.storyboard */,
				7BB0BFB921ADE13900787427 /* LoginViewController.swift */,
				7BB0BFBB21ADE14800787427 /* RegisterViewController.swift */,
				7BB0BFAF21ADDECC00787427 /* Info.plist */,

				DD29C71821B0417C00D34D6D /* GoogleService-Info.plist */,
				DD29C71621B03F2900D34D6D /* recipescreen.storyboard */,

				7BB0BFBD21AEDFAE00787427 /* GoogleService-Info.plist */,

			);
			path = BookShelf;
			sourceTree = "<group>";
		};
		8FB867B6183F0DD1854F82AB /* Pods */ = {
			isa = PBXGroup;
			children = (
				EDE55B6C1B18E957EEF2F945 /* Pods-BookShelf.debug.xcconfig */,
				6C14CB88A659E05D4799682E /* Pods-BookShelf.release.xcconfig */,
			);
			name = Pods;
			sourceTree = "<group>";
		};
		B749A96E21AEF8590043FF3C /* ViewControllers */ = {
			isa = PBXGroup;
			children = (
				B749A96F21AEF8CD0043FF3C /* RecipeCreationViewController.swift */,
			);
			path = ViewControllers;
			sourceTree = "<group>";
		};
		B749A97121AF17890043FF3C /* Storyboards */ = {
			isa = PBXGroup;
			children = (
				B749A97221AF18010043FF3C /* homePage.storyboard */,
				B749A97421AF1E370043FF3C /* profilePage.storyboard */,
				B7CB572821B0481200039BFC /* viewBook.storyboard */,
				B780FF2D21B17F1200FD2194 /* searchPage.storyboard */,
				B780FF3321B1872600FD2194 /* seachOnProfilePage.storyboard */,
				B780FF3521B18AE800FD2194 /* yourProfile.storyboard */,
				B780FF3721B198EC00FD2194 /* editProfile.storyboard */,
				B780FF3921B1B98F00FD2194 /* clickedFromHomeOptionsPage.storyboard */,
				B780FF3B21B1BDA300FD2194 /* clickedOnOptionPage.storyboard */,
				B779FC8021B5A93A00A6F3AF /* addBook.storyboard */,
				7BB0BFAC21ADDECC00787427 /* LaunchScreen.storyboard */,
			);
			path = Storyboards;
			sourceTree = "<group>";
		};
		E70C1DE5940D48EF15D1B7C3 /* Frameworks */ = {
			isa = PBXGroup;
			children = (
				6FBAA82DCB2C67D414846ACD /* Pods_BookShelf.framework */,
			);
			name = Frameworks;
			sourceTree = "<group>";
		};
/* End PBXGroup section */

/* Begin PBXNativeTarget section */
		7BB0BF9F21ADDECB00787427 /* BookShelf */ = {
			isa = PBXNativeTarget;
			buildConfigurationList = 7BB0BFB221ADDECC00787427 /* Build configuration list for PBXNativeTarget "BookShelf" */;
			buildPhases = (
				3DC837988678B01E9CEAF4D4 /* [CP] Check Pods Manifest.lock */,
				7BB0BF9C21ADDECB00787427 /* Sources */,
				7BB0BF9D21ADDECB00787427 /* Frameworks */,
				7BB0BF9E21ADDECB00787427 /* Resources */,
				E795EF8F8495354FBE2ADA2E /* [CP] Embed Pods Frameworks */,
			);
			buildRules = (
			);
			dependencies = (
			);
			name = BookShelf;
			productName = BookShelf;
			productReference = 7BB0BFA021ADDECB00787427 /* BookShelf.app */;
			productType = "com.apple.product-type.application";
		};
/* End PBXNativeTarget section */

/* Begin PBXProject section */
		7BB0BF9821ADDECB00787427 /* Project object */ = {
			isa = PBXProject;
			attributes = {
				LastSwiftUpdateCheck = 1010;
				LastUpgradeCheck = 1010;
				ORGANIZATIONNAME = "Jacob Finn";
				TargetAttributes = {
					7BB0BF9F21ADDECB00787427 = {
						CreatedOnToolsVersion = 10.1;
					};
				};
			};
			buildConfigurationList = 7BB0BF9B21ADDECB00787427 /* Build configuration list for PBXProject "BookShelf" */;
			compatibilityVersion = "Xcode 9.3";
			developmentRegion = en;
			hasScannedForEncodings = 0;
			knownRegions = (
				en,
				Base,
			);
			mainGroup = 7BB0BF9721ADDECB00787427;
			productRefGroup = 7BB0BFA121ADDECB00787427 /* Products */;
			projectDirPath = "";
			projectRoot = "";
			targets = (
				7BB0BF9F21ADDECB00787427 /* BookShelf */,
			);
		};
/* End PBXProject section */

/* Begin PBXResourcesBuildPhase section */
		7BB0BF9E21ADDECB00787427 /* Resources */ = {
			isa = PBXResourcesBuildPhase;
			buildActionMask = 2147483647;
			files = (

				DD29C71721B03F2900D34D6D /* recipescreen.storyboard in Resources */,
				DD29C71921B0417C00D34D6D /* GoogleService-Info.plist in Resources */,

				B779FC8121B5A93A00A6F3AF /* addBook.storyboard in Resources */,
				B780FF3821B198EC00FD2194 /* editProfile.storyboard in Resources */,

				7BB0BFAE21ADDECC00787427 /* LaunchScreen.storyboard in Resources */,
				B749A97321AF18010043FF3C /* homePage.storyboard in Resources */,
				7BB0BFAB21ADDECC00787427 /* Assets.xcassets in Resources */,
				B780FF3421B1872600FD2194 /* seachOnProfilePage.storyboard in Resources */,
				B780FF2E21B17F1200FD2194 /* searchPage.storyboard in Resources */,
				B7CB572921B0481200039BFC /* viewBook.storyboard in Resources */,
				B780FF3C21B1BDA300FD2194 /* clickedOnOptionPage.storyboard in Resources */,
				B780FF3621B18AE800FD2194 /* yourProfile.storyboard in Resources */,
				B749A97521AF1E370043FF3C /* profilePage.storyboard in Resources */,
				B780FF3A21B1B98F00FD2194 /* clickedFromHomeOptionsPage.storyboard in Resources */,
				B780FF3221B1817200FD2194 /* GoogleService-Info.plist in Resources */,
				7BB0BFBE21AEDFAF00787427 /* GoogleService-Info.plist in Resources */,
				7BB0BFAB21ADDECC00787427 /* Assets.xcassets in Resources */,
				7BB0BFB821ADE10F00787427 /* Login.storyboard in Resources */,
			);
			runOnlyForDeploymentPostprocessing = 0;
		};
/* End PBXResourcesBuildPhase section */

/* Begin PBXShellScriptBuildPhase section */
		3DC837988678B01E9CEAF4D4 /* [CP] Check Pods Manifest.lock */ = {
			isa = PBXShellScriptBuildPhase;
			buildActionMask = 2147483647;
			files = (
			);
			inputPaths = (
				"${PODS_PODFILE_DIR_PATH}/Podfile.lock",
				"${PODS_ROOT}/Manifest.lock",
			);
			name = "[CP] Check Pods Manifest.lock";
			outputPaths = (
				"$(DERIVED_FILE_DIR)/Pods-BookShelf-checkManifestLockResult.txt",
			);
			runOnlyForDeploymentPostprocessing = 0;
			shellPath = /bin/sh;
			shellScript = "diff \"${PODS_PODFILE_DIR_PATH}/Podfile.lock\" \"${PODS_ROOT}/Manifest.lock\" > /dev/null\nif [ $? != 0 ] ; then\n    # print error to STDERR\n    echo \"error: The sandbox is not in sync with the Podfile.lock. Run 'pod install' or update your CocoaPods installation.\" >&2\n    exit 1\nfi\n# This output is used by Xcode 'outputs' to avoid re-running this script phase.\necho \"SUCCESS\" > \"${SCRIPT_OUTPUT_FILE_0}\"\n";
			showEnvVarsInLog = 0;
		};
		E795EF8F8495354FBE2ADA2E /* [CP] Embed Pods Frameworks */ = {
			isa = PBXShellScriptBuildPhase;
			buildActionMask = 2147483647;
			files = (
			);
			inputPaths = (
				"${SRCROOT}/Pods/Target Support Files/Pods-BookShelf/Pods-BookShelf-frameworks.sh",
				"${BUILT_PRODUCTS_DIR}/BoringSSL/openssl.framework",
				"${BUILT_PRODUCTS_DIR}/GTMSessionFetcher/GTMSessionFetcher.framework",
				"${BUILT_PRODUCTS_DIR}/GoogleUtilities/GoogleUtilities.framework",
				"${BUILT_PRODUCTS_DIR}/Protobuf/Protobuf.framework",
				"${BUILT_PRODUCTS_DIR}/gRPC/GRPCClient.framework",
				"${BUILT_PRODUCTS_DIR}/gRPC-C++/grpcpp.framework",
				"${BUILT_PRODUCTS_DIR}/gRPC-Core/grpc.framework",
				"${BUILT_PRODUCTS_DIR}/gRPC-ProtoRPC/ProtoRPC.framework",
				"${BUILT_PRODUCTS_DIR}/gRPC-RxLibrary/RxLibrary.framework",
				"${BUILT_PRODUCTS_DIR}/leveldb-library/leveldb.framework",
				"${BUILT_PRODUCTS_DIR}/nanopb/nanopb.framework",
			);
			name = "[CP] Embed Pods Frameworks";
			outputPaths = (
				"${TARGET_BUILD_DIR}/${FRAMEWORKS_FOLDER_PATH}/openssl.framework",
				"${TARGET_BUILD_DIR}/${FRAMEWORKS_FOLDER_PATH}/GTMSessionFetcher.framework",
				"${TARGET_BUILD_DIR}/${FRAMEWORKS_FOLDER_PATH}/GoogleUtilities.framework",
				"${TARGET_BUILD_DIR}/${FRAMEWORKS_FOLDER_PATH}/Protobuf.framework",
				"${TARGET_BUILD_DIR}/${FRAMEWORKS_FOLDER_PATH}/GRPCClient.framework",
				"${TARGET_BUILD_DIR}/${FRAMEWORKS_FOLDER_PATH}/grpcpp.framework",
				"${TARGET_BUILD_DIR}/${FRAMEWORKS_FOLDER_PATH}/grpc.framework",
				"${TARGET_BUILD_DIR}/${FRAMEWORKS_FOLDER_PATH}/ProtoRPC.framework",
				"${TARGET_BUILD_DIR}/${FRAMEWORKS_FOLDER_PATH}/RxLibrary.framework",
				"${TARGET_BUILD_DIR}/${FRAMEWORKS_FOLDER_PATH}/leveldb.framework",
				"${TARGET_BUILD_DIR}/${FRAMEWORKS_FOLDER_PATH}/nanopb.framework",
			);
			runOnlyForDeploymentPostprocessing = 0;
			shellPath = /bin/sh;
			shellScript = "\"${SRCROOT}/Pods/Target Support Files/Pods-BookShelf/Pods-BookShelf-frameworks.sh\"\n";
			showEnvVarsInLog = 0;
		};
/* End PBXShellScriptBuildPhase section */

/* Begin PBXSourcesBuildPhase section */
		7BB0BF9C21ADDECB00787427 /* Sources */ = {
			isa = PBXSourcesBuildPhase;
			buildActionMask = 2147483647;
			files = (
				7BB0BFBC21ADE14800787427 /* RegisterViewController.swift in Sources */,
				7BB0BFBA21ADE13900787427 /* LoginViewController.swift in Sources */,
				7BB0BFA421ADDECB00787427 /* AppDelegate.swift in Sources */,
				B749A97021AEF8CD0043FF3C /* RecipeCreationViewController.swift in Sources */,
			);
			runOnlyForDeploymentPostprocessing = 0;
		};
/* End PBXSourcesBuildPhase section */

/* Begin PBXVariantGroup section */
		7BB0BFAC21ADDECC00787427 /* LaunchScreen.storyboard */ = {
			isa = PBXVariantGroup;
			children = (
				7BB0BFAD21ADDECC00787427 /* Base */,
			);
			name = LaunchScreen.storyboard;
			sourceTree = "<group>";
		};
/* End PBXVariantGroup section */

/* Begin XCBuildConfiguration section */
		7BB0BFB021ADDECC00787427 /* Debug */ = {
			isa = XCBuildConfiguration;
			buildSettings = {
				ALWAYS_SEARCH_USER_PATHS = NO;
				CLANG_ANALYZER_NONNULL = YES;
				CLANG_ANALYZER_NUMBER_OBJECT_CONVERSION = YES_AGGRESSIVE;
				CLANG_CXX_LANGUAGE_STANDARD = "gnu++14";
				CLANG_CXX_LIBRARY = "libc++";
				CLANG_ENABLE_MODULES = YES;
				CLANG_ENABLE_OBJC_ARC = YES;
				CLANG_ENABLE_OBJC_WEAK = YES;
				CLANG_WARN_BLOCK_CAPTURE_AUTORELEASING = YES;
				CLANG_WARN_BOOL_CONVERSION = YES;
				CLANG_WARN_COMMA = YES;
				CLANG_WARN_CONSTANT_CONVERSION = YES;
				CLANG_WARN_DEPRECATED_OBJC_IMPLEMENTATIONS = YES;
				CLANG_WARN_DIRECT_OBJC_ISA_USAGE = YES_ERROR;
				CLANG_WARN_DOCUMENTATION_COMMENTS = YES;
				CLANG_WARN_EMPTY_BODY = YES;
				CLANG_WARN_ENUM_CONVERSION = YES;
				CLANG_WARN_INFINITE_RECURSION = YES;
				CLANG_WARN_INT_CONVERSION = YES;
				CLANG_WARN_NON_LITERAL_NULL_CONVERSION = YES;
				CLANG_WARN_OBJC_IMPLICIT_RETAIN_SELF = YES;
				CLANG_WARN_OBJC_LITERAL_CONVERSION = YES;
				CLANG_WARN_OBJC_ROOT_CLASS = YES_ERROR;
				CLANG_WARN_RANGE_LOOP_ANALYSIS = YES;
				CLANG_WARN_STRICT_PROTOTYPES = YES;
				CLANG_WARN_SUSPICIOUS_MOVE = YES;
				CLANG_WARN_UNGUARDED_AVAILABILITY = YES_AGGRESSIVE;
				CLANG_WARN_UNREACHABLE_CODE = YES;
				CLANG_WARN__DUPLICATE_METHOD_MATCH = YES;
				CODE_SIGN_IDENTITY = "iPhone Developer";
				COPY_PHASE_STRIP = NO;
				DEBUG_INFORMATION_FORMAT = dwarf;
				ENABLE_STRICT_OBJC_MSGSEND = YES;
				ENABLE_TESTABILITY = YES;
				GCC_C_LANGUAGE_STANDARD = gnu11;
				GCC_DYNAMIC_NO_PIC = NO;
				GCC_NO_COMMON_BLOCKS = YES;
				GCC_OPTIMIZATION_LEVEL = 0;
				GCC_PREPROCESSOR_DEFINITIONS = (
					"DEBUG=1",
					"$(inherited)",
				);
				GCC_WARN_64_TO_32_BIT_CONVERSION = YES;
				GCC_WARN_ABOUT_RETURN_TYPE = YES_ERROR;
				GCC_WARN_UNDECLARED_SELECTOR = YES;
				GCC_WARN_UNINITIALIZED_AUTOS = YES_AGGRESSIVE;
				GCC_WARN_UNUSED_FUNCTION = YES;
				GCC_WARN_UNUSED_VARIABLE = YES;
				IPHONEOS_DEPLOYMENT_TARGET = 12.1;
				MTL_ENABLE_DEBUG_INFO = INCLUDE_SOURCE;
				MTL_FAST_MATH = YES;
				ONLY_ACTIVE_ARCH = YES;
				SDKROOT = iphoneos;
				SWIFT_ACTIVE_COMPILATION_CONDITIONS = DEBUG;
				SWIFT_OPTIMIZATION_LEVEL = "-Onone";
			};
			name = Debug;
		};
		7BB0BFB121ADDECC00787427 /* Release */ = {
			isa = XCBuildConfiguration;
			buildSettings = {
				ALWAYS_SEARCH_USER_PATHS = NO;
				CLANG_ANALYZER_NONNULL = YES;
				CLANG_ANALYZER_NUMBER_OBJECT_CONVERSION = YES_AGGRESSIVE;
				CLANG_CXX_LANGUAGE_STANDARD = "gnu++14";
				CLANG_CXX_LIBRARY = "libc++";
				CLANG_ENABLE_MODULES = YES;
				CLANG_ENABLE_OBJC_ARC = YES;
				CLANG_ENABLE_OBJC_WEAK = YES;
				CLANG_WARN_BLOCK_CAPTURE_AUTORELEASING = YES;
				CLANG_WARN_BOOL_CONVERSION = YES;
				CLANG_WARN_COMMA = YES;
				CLANG_WARN_CONSTANT_CONVERSION = YES;
				CLANG_WARN_DEPRECATED_OBJC_IMPLEMENTATIONS = YES;
				CLANG_WARN_DIRECT_OBJC_ISA_USAGE = YES_ERROR;
				CLANG_WARN_DOCUMENTATION_COMMENTS = YES;
				CLANG_WARN_EMPTY_BODY = YES;
				CLANG_WARN_ENUM_CONVERSION = YES;
				CLANG_WARN_INFINITE_RECURSION = YES;
				CLANG_WARN_INT_CONVERSION = YES;
				CLANG_WARN_NON_LITERAL_NULL_CONVERSION = YES;
				CLANG_WARN_OBJC_IMPLICIT_RETAIN_SELF = YES;
				CLANG_WARN_OBJC_LITERAL_CONVERSION = YES;
				CLANG_WARN_OBJC_ROOT_CLASS = YES_ERROR;
				CLANG_WARN_RANGE_LOOP_ANALYSIS = YES;
				CLANG_WARN_STRICT_PROTOTYPES = YES;
				CLANG_WARN_SUSPICIOUS_MOVE = YES;
				CLANG_WARN_UNGUARDED_AVAILABILITY = YES_AGGRESSIVE;
				CLANG_WARN_UNREACHABLE_CODE = YES;
				CLANG_WARN__DUPLICATE_METHOD_MATCH = YES;
				CODE_SIGN_IDENTITY = "iPhone Developer";
				COPY_PHASE_STRIP = NO;
				DEBUG_INFORMATION_FORMAT = "dwarf-with-dsym";
				ENABLE_NS_ASSERTIONS = NO;
				ENABLE_STRICT_OBJC_MSGSEND = YES;
				GCC_C_LANGUAGE_STANDARD = gnu11;
				GCC_NO_COMMON_BLOCKS = YES;
				GCC_WARN_64_TO_32_BIT_CONVERSION = YES;
				GCC_WARN_ABOUT_RETURN_TYPE = YES_ERROR;
				GCC_WARN_UNDECLARED_SELECTOR = YES;
				GCC_WARN_UNINITIALIZED_AUTOS = YES_AGGRESSIVE;
				GCC_WARN_UNUSED_FUNCTION = YES;
				GCC_WARN_UNUSED_VARIABLE = YES;
				IPHONEOS_DEPLOYMENT_TARGET = 12.1;
				MTL_ENABLE_DEBUG_INFO = NO;
				MTL_FAST_MATH = YES;
				SDKROOT = iphoneos;
				SWIFT_COMPILATION_MODE = wholemodule;
				SWIFT_OPTIMIZATION_LEVEL = "-O";
				VALIDATE_PRODUCT = YES;
			};
			name = Release;
		};
		7BB0BFB321ADDECC00787427 /* Debug */ = {
			isa = XCBuildConfiguration;
			baseConfigurationReference = EDE55B6C1B18E957EEF2F945 /* Pods-BookShelf.debug.xcconfig */;
			buildSettings = {
				ASSETCATALOG_COMPILER_APPICON_NAME = AppIcon;
				CODE_SIGN_STYLE = Automatic;
				INFOPLIST_FILE = BookShelf/Info.plist;
				IPHONEOS_DEPLOYMENT_TARGET = 12;
				LD_RUNPATH_SEARCH_PATHS = (
					"$(inherited)",
					"@executable_path/Frameworks",
				);
				PRODUCT_BUNDLE_IDENTIFIER = com.interaptskills.BookShelf;
				PRODUCT_NAME = "$(TARGET_NAME)";
				SWIFT_VERSION = 4.2;
				TARGETED_DEVICE_FAMILY = "1,2";
			};
			name = Debug;
		};
		7BB0BFB421ADDECC00787427 /* Release */ = {
			isa = XCBuildConfiguration;
			baseConfigurationReference = 6C14CB88A659E05D4799682E /* Pods-BookShelf.release.xcconfig */;
			buildSettings = {
				ASSETCATALOG_COMPILER_APPICON_NAME = AppIcon;
				CODE_SIGN_STYLE = Automatic;
				INFOPLIST_FILE = BookShelf/Info.plist;
				IPHONEOS_DEPLOYMENT_TARGET = 12;
				LD_RUNPATH_SEARCH_PATHS = (
					"$(inherited)",
					"@executable_path/Frameworks",
				);
				PRODUCT_BUNDLE_IDENTIFIER = com.interaptskills.BookShelf;
				PRODUCT_NAME = "$(TARGET_NAME)";
				SWIFT_VERSION = 4.2;
				TARGETED_DEVICE_FAMILY = "1,2";
			};
			name = Release;
		};
/* End XCBuildConfiguration section */

/* Begin XCConfigurationList section */
		7BB0BF9B21ADDECB00787427 /* Build configuration list for PBXProject "BookShelf" */ = {
			isa = XCConfigurationList;
			buildConfigurations = (
				7BB0BFB021ADDECC00787427 /* Debug */,
				7BB0BFB121ADDECC00787427 /* Release */,
			);
			defaultConfigurationIsVisible = 0;
			defaultConfigurationName = Release;
		};
		7BB0BFB221ADDECC00787427 /* Build configuration list for PBXNativeTarget "BookShelf" */ = {
			isa = XCConfigurationList;
			buildConfigurations = (
				7BB0BFB321ADDECC00787427 /* Debug */,
				7BB0BFB421ADDECC00787427 /* Release */,
			);
			defaultConfigurationIsVisible = 0;
			defaultConfigurationName = Release;
		};
/* End XCConfigurationList section */
	};
	rootObject = 7BB0BF9821ADDECB00787427 /* Project object */;
}
